
Microsoft Visual Studio Solution File, Format Version 12.00
# Visual Studio Version 16
VisualStudioVersion = 16.0.29201.188
MinimumVisualStudioVersion = 10.0.40219.1
Project("{FAE04EC0-301F-11D3-BF4B-00C04F79EFBC}") = "MedicalAppointments.Web", "MedicalAppointments\MedicalAppointments.Web.csproj", "{8831C6A6-5160-46C8-BC29-6A71F81F10A0}"
EndProject
Project("{FAE04EC0-301F-11D3-BF4B-00C04F79EFBC}") = "MedicalAppointments.Web.Tests", "MedicalAppointments.Tests\MedicalAppointments.Web.Tests.csproj", "{DF74E4F3-FB08-41A9-AB67-843E537E0DA3}"
EndProject
Project("{FAE04EC0-301F-11D3-BF4B-00C04F79EFBC}") = "MedicalAppointments.DataAccess", "MedicalAppointments.DataAccess\MedicalAppointments.DataAccess.csproj", "{8BC1E79D-3993-4481-BE9F-91541C39390D}"
EndProject
Project("{FAE04EC0-301F-11D3-BF4B-00C04F79EFBC}") = "MedicalAppointments.Web.Api", "MedicalAppointments.Web.Api\MedicalAppointments.Web.Api.csproj", "{6224C547-4396-4878-A48F-8360110EFB79}"
EndProject
Global
	GlobalSection(SolutionConfigurationPlatforms) = preSolution
		Debug|Any CPU = Debug|Any CPU
		Release|Any CPU = Release|Any CPU
	EndGlobalSection
	GlobalSection(ProjectConfigurationPlatforms) = postSolution
		{8831C6A6-5160-46C8-BC29-6A71F81F10A0}.Debug|Any CPU.ActiveCfg = Debug|Any CPU
		{8831C6A6-5160-46C8-BC29-6A71F81F10A0}.Debug|Any CPU.Build.0 = Debug|Any CPU
		{8831C6A6-5160-46C8-BC29-6A71F81F10A0}.Release|Any CPU.ActiveCfg = Release|Any CPU
		{8831C6A6-5160-46C8-BC29-6A71F81F10A0}.Release|Any CPU.Build.0 = Release|Any CPU
		{DF74E4F3-FB08-41A9-AB67-843E537E0DA3}.Debug|Any CPU.ActiveCfg = Debug|Any CPU
		{DF74E4F3-FB08-41A9-AB67-843E537E0DA3}.Debug|Any CPU.Build.0 = Debug|Any CPU
		{DF74E4F3-FB08-41A9-AB67-843E537E0DA3}.Release|Any CPU.ActiveCfg = Release|Any CPU
		{DF74E4F3-FB08-41A9-AB67-843E537E0DA3}.Release|Any CPU.Build.0 = Release|Any CPU
		{8BC1E79D-3993-4481-BE9F-91541C39390D}.Debug|Any CPU.ActiveCfg = Debug|Any CPU
		{8BC1E79D-3993-4481-BE9F-91541C39390D}.Debug|Any CPU.Build.0 = Debug|Any CPU
		{8BC1E79D-3993-4481-BE9F-91541C39390D}.Release|Any CPU.ActiveCfg = Release|Any CPU
		{8BC1E79D-3993-4481-BE9F-91541C39390D}.Release|Any CPU.Build.0 = Release|Any CPU
		{6224C547-4396-4878-A48F-8360110EFB79}.Debug|Any CPU.ActiveCfg = Debug|Any CPU
		{6224C547-4396-4878-A48F-8360110EFB79}.Debug|Any CPU.Build.0 = Debug|Any CPU
		{6224C547-4396-4878-A48F-8360110EFB79}.Release|Any CPU.ActiveCfg = Release|Any CPU
		{6224C547-4396-4878-A48F-8360110EFB79}.Release|Any CPU.Build.0 = Release|Any CPU
	EndGlobalSection
	GlobalSection(SolutionProperties) = preSolution
		HideSolutionNode = FALSE
	EndGlobalSection
	GlobalSection(ExtensibilityGlobals) = postSolution
		SolutionGuid = {C511F3B4-D5C5-4640-ACDD-CBB954902F8E}
	EndGlobalSection
EndGlobal
